
Microsoft Visual Studio Solution File, Format Version 11.00
# Visual Studio 2010
Project("{FAE04EC0-301F-11D3-BF4B-00C04F79EFBC}") = "t34", "t34\t34.csproj", "{653D0EC5-59FC-46A3-B735-AF3B9315618F}"
EndProject
Global
	GlobalSection(SolutionConfigurationPlatforms) = preSolution
		Debug|x86 = Debug|x86
		Release|x86 = Release|x86
	EndGlobalSection
	GlobalSection(ProjectConfigurationPlatforms) = postSolution
		{653D0EC5-59FC-46A3-B735-AF3B9315618F}.Debug|x86.ActiveCfg = Debug|x86
		{653D0EC5-59FC-46A3-B735-AF3B9315618F}.Debug|x86.Build.0 = Debug|x86
		{653D0EC5-59FC-46A3-B735-AF3B9315618F}.Release|x86.ActiveCfg = Release|x86
		{653D0EC5-59FC-46A3-B735-AF3B9315618F}.Release|x86.Build.0 = Release|x86
	EndGlobalSection
	GlobalSection(SolutionProperties) = preSolution
		HideSolutionNode = FALSE
	EndGlobalSection
EndGlobal
